<Solution>
  <Folder Name="/Documentacion/">
    <File Path="DiagramaEntidades.puml" />
    <File Path="../../../../Downloads/diagrama-uml-sistema-ventas.drawio" />
    <File Path="../../../../Downloads/diagrama-uml-sistema-ventas.png" />
    <File Path="../README.md" />
    <File Path="DiagramaCapas.puml" />
  </Folder>
  <Folder Name="/SQL/">
    <File Path="../SQL/BaseDeDatos.sql" />
    <File Path="../SQL/usuarios.sql" />
  </Folder>
  <Project Path="../Datos/SistemaVentas.Datos.csproj" />
  <Project Path="../Entidades/SistemaVentas.Entidades.csproj" />
  <Project Path="../Negocio/SistemaVentas.Negocio.csproj" />
  <Project Path="../Pruebas/SistemaVentas.Pruebas.csproj" />
  <Project Path="SistemadeVentas.Presentacion.csproj" />
</Solution>
